
Microsoft Visual Studio Solution File, Format Version 12.00
# Visual Studio 15
VisualStudioVersion = 15.0.27130.2027
MinimumVisualStudioVersion = 10.0.40219.1
Project("{FAE04EC0-301F-11D3-BF4B-00C04F79EFBC}") = "Phos", "Phos\Phos.csproj", "{95607101-0B24-42BB-AC2D-151EB3C5F556}"
EndProject
Project("{FAE04EC0-301F-11D3-BF4B-00C04F79EFBC}") = "PhosTest", "PhosTest\PhosTest.csproj", "{15302D61-6445-40DF-B4C0-6558BD256AE8}"
EndProject
Global
	GlobalSection(SolutionConfigurationPlatforms) = preSolution
		Debug|Any CPU = Debug|Any CPU
		Release|Any CPU = Release|Any CPU
	EndGlobalSection
	GlobalSection(ProjectConfigurationPlatforms) = postSolution
		{95607101-0B24-42BB-AC2D-151EB3C5F556}.Debug|Any CPU.ActiveCfg = Debug|Any CPU
		{95607101-0B24-42BB-AC2D-151EB3C5F556}.Debug|Any CPU.Build.0 = Debug|Any CPU
		{95607101-0B24-42BB-AC2D-151EB3C5F556}.Release|Any CPU.ActiveCfg = Release|Any CPU
		{95607101-0B24-42BB-AC2D-151EB3C5F556}.Release|Any CPU.Build.0 = Release|Any CPU
		{15302D61-6445-40DF-B4C0-6558BD256AE8}.Debug|Any CPU.ActiveCfg = Debug|Any CPU
		{15302D61-6445-40DF-B4C0-6558BD256AE8}.Debug|Any CPU.Build.0 = Debug|Any CPU
		{15302D61-6445-40DF-B4C0-6558BD256AE8}.Release|Any CPU.ActiveCfg = Release|Any CPU
		{15302D61-6445-40DF-B4C0-6558BD256AE8}.Release|Any CPU.Build.0 = Release|Any CPU
	EndGlobalSection
	GlobalSection(SolutionProperties) = preSolution
		HideSolutionNode = FALSE
	EndGlobalSection
	GlobalSection(ExtensibilityGlobals) = postSolution
		SolutionGuid = {A846C5E0-509B-438F-B0B1-11A16C1BF690}
	EndGlobalSection
EndGlobal
